
Microsoft Visual Studio Solution File, Format Version 12.00
# Visual Studio 2012
Project("{8BC9CEB8-8B4A-11D0-8D11-00A0C91BC942}") = "oop4", "oop4\oop4.vcxproj", "{E58364C4-DCE3-4037-86E0-BB876C313A23}"
EndProject
Global
	GlobalSection(SolutionConfigurationPlatforms) = preSolution
		Debug|Win32 = Debug|Win32
		Release|Win32 = Release|Win32
	EndGlobalSection
	GlobalSection(ProjectConfigurationPlatforms) = postSolution
		{E58364C4-DCE3-4037-86E0-BB876C313A23}.Debug|Win32.ActiveCfg = Debug|Win32
		{E58364C4-DCE3-4037-86E0-BB876C313A23}.Debug|Win32.Build.0 = Debug|Win32
		{E58364C4-DCE3-4037-86E0-BB876C313A23}.Release|Win32.ActiveCfg = Release|Win32
		{E58364C4-DCE3-4037-86E0-BB876C313A23}.Release|Win32.Build.0 = Release|Win32
	EndGlobalSection
	GlobalSection(SolutionProperties) = preSolution
		HideSolutionNode = FALSE
	EndGlobalSection
EndGlobal
